# @generated - this file is auto-generated by `mise lock` https://mise.jdx.dev/dev-tools/mise-lock.html

lockfile_version = 1

[[tools.bat]]
version = "0.26.1"
backend = "aqua:sharkdp/bat"
specifiers = ["latest"]

[tools.bat."platforms.linux-arm64"]
checksum = "sha256:422eb73e11c854fddd99f5ca8461c2f1d6e6dce0a2a8c3d5daade5ffcb6564aa"
url = "https://github.com/sharkdp/bat/releases/download/v0.26.1/bat-v0.26.1-aarch64-unknown-linux-gnu.tar.gz"
url_api = "https://api.github.com/repos/sharkdp/bat/releases/assets/323548647"

[tools.bat."platforms.linux-arm64-musl"]
checksum = "sha256:6369242c584065f195fb20cb36fbd7cb63ae690605bbe89868a7596b596c2c23"
url = "https://github.com/sharkdp/bat/releases/download/v0.26.1/bat-v0.26.1-aarch64-unknown-linux-musl.tar.gz"
url_api = "https://api.github.com/repos/sharkdp/bat/releases/assets/323548153"

[tools.bat."platforms.linux-x64"]
checksum = "sha256:726f04c8f576a7fd18b7634f1bbf2f915c43494c1c0f013baa3287edb0d5a2a3"
url = "https://github.com/sharkdp/bat/releases/download/v0.26.1/bat-v0.26.1-x86_64-unknown-linux-gnu.tar.gz"
url_api = "https://api.github.com/repos/sharkdp/bat/releases/assets/323549181"

[tools.bat."platforms.linux-x64-musl"]
checksum = "sha256:0dcd8ac79732c0d5b136f11f4ee00e581440e16a44eab5b3105b611bbf2cf191"
url = "https://github.com/sharkdp/bat/releases/download/v0.26.1/bat-v0.26.1-x86_64-unknown-linux-musl.tar.gz"
url_api = "https://api.github.com/repos/sharkdp/bat/releases/assets/323549429"

[tools.bat."platforms.macos-arm64"]
checksum = "sha256:e30beff26779c9bf60bb541e1d79046250cb74378f2757f8eb250afddb19e114"
url = "https://github.com/sharkdp/bat/releases/download/v0.26.1/bat-v0.26.1-aarch64-apple-darwin.tar.gz"
url_api = "https://api.github.com/repos/sharkdp/bat/releases/assets/323548442"

[tools.bat."platforms.macos-x64"]
checksum = "sha256:830d63b0bba1fa040542ec569e3cf77f60d3356b9de75116a344b061e0894245"
url = "https://github.com/sharkdp/bat/releases/download/v0.26.1/bat-v0.26.1-x86_64-apple-darwin.tar.gz"
url_api = "https://api.github.com/repos/sharkdp/bat/releases/assets/323549786"

[tools.bat."platforms.windows-x64"]
checksum = "sha256:0f729b4b6f5f28d395c641eacc2e9ff68d0096b85aa0eec344aa62425144b69b"
url = "https://github.com/sharkdp/bat/releases/download/v0.26.1/bat-v0.26.1-x86_64-pc-windows-msvc.zip"
url_api = "https://api.github.com/repos/sharkdp/bat/releases/assets/323549116"

[[tools.bun]]
version = "1.4.2"
backend = "core:bun"
specifiers = ["latest"]

[tools.bun."platforms.linux-arm64"]
checksum = "sha256:54328bbc2d9c8e0c9f892c544d66c57a83b84139e34909e5ee81758f1ac8fda7"
url = "https://github.com/oven-sh/bun/releases/download/bun-v1.4.2/bun-linux-aarch64.zip"

[tools.bun."platforms.linux-arm64-musl"]
checksum = "sha256:71760b6c8ea30623b81a4907cb815d48e2ea266f2e73e751534a44a0607950df"
url = "https://github.com/oven-sh/bun/releases/download/bun-v1.4.2/bun-linux-aarch64-musl.zip"

[tools.bun."platforms.linux-x64"]
checksum = "sha256:36368faef7527875d5ffa52e53cd48021741f2a83eb6208a8dd64068d422a913"
url = "https://github.com/oven-sh/bun/releases/download/bun-v1.4.2/bun-linux-x64.zip"

[tools.bun."platforms.linux-x64-baseline"]
checksum = "sha256:c678040f14fe0440eb839d37cbd0ce4c051a32da72806ac97de6a6aab6bf728f"
url = "https://github.com/oven-sh/bun/releases/download/bun-v1.4.2/bun-linux-x64-baseline.zip"

[tools.bun."platforms.linux-x64-musl"]
checksum = "sha256:4835eca59d6da70f4674f5642f6e459dcadab773695b2ed9922d131057989742"
url = "https://github.com/oven-sh/bun/releases/download/bun-v1.4.2/bun-linux-x64-musl.zip"

[tools.bun."platforms.linux-x64-musl-baseline"]
checksum = "sha256:76e1db84e98f22f78de0a87e309bfbbf297732847f9720db36750646c85c8c18"
url = "https://github.com/oven-sh/bun/releases/download/bun-v1.4.2/bun-linux-x64-musl-baseline.zip"

[tools.bun."platforms.macos-arm64"]
checksum = "sha256:90987a3a16d7db556d886ac3d551e7b6d3edf0a1cf43acaed622e8676be1d12f"
url = "https://github.com/oven-sh/bun/releases/download/bun-v1.4.2/bun-darwin-aarch64.zip"

[tools.bun."platforms.macos-x64"]
checksum = "sha256:80520d7e17526308c9185d261679ac6d27798d3803a0e9f7ff9121ab8affb012"
url = "https://github.com/oven-sh/bun/releases/download/bun-v1.4.2/bun-darwin-x64.zip"

[tools.bun."platforms.macos-x64-baseline"]
checksum = "sha256:bad5bbd6cf14d0980d115f5954c9ff904df619d5e994d2da1ffccd3f316300b0"
url = "https://github.com/oven-sh/bun/releases/download/bun-v1.4.2/bun-darwin-x64-baseline.zip"

[tools.bun."platforms.windows-x64"]
checksum = "sha256:ce4c17497b2f29712a99d3d53f028de28cd42e3bacb8589599e7f000e49b6405"
url = "https://github.com/oven-sh/bun/releases/download/bun-v1.4.2/bun-windows-x64.zip"

[tools.bun."platforms.windows-x64-baseline"]
checksum = "sha256:78c221c2376f79731ccf4e4af0b3bb46d81fefa3296c5abee09ad8a1b21e68c6"
url = "https://github.com/oven-sh/bun/releases/download/bun-v1.4.2/bun-windows-x64-baseline.zip"

[[tools.codex]]
version = "0.156.1"
backend = "aqua:openai/codex"
specifiers = ["latest"]

[tools.codex."platforms.linux-arm64"]
checksum = "sha256:fdd47ed6aade0360796fd3f6f95a45096f327c15e19e8c7339f9dc5633041786"
url = "https://github.com/openai/codex/releases/download/rust-v0.156.1/codex-package-aarch64-unknown-linux-musl.tar.gz"
url_api = "https://api.github.com/repos/openai/codex/releases/assets/582791754"

[tools.codex."platforms.linux-arm64-musl"]
checksum = "sha256:fdd47ed6aade0360796fd3f6f95a45096f327c15e19e8c7339f9dc5633041786"
url = "https://github.com/openai/codex/releases/download/rust-v0.156.1/codex-package-aarch64-unknown-linux-musl.tar.gz"
url_api = "https://api.github.com/repos/openai/codex/releases/assets/582791754"

[tools.codex."platforms.linux-x64"]
checksum = "sha256:8b711520beddf385467b8da4d2c93736637c6ba1e46811cf0d8606b7c490b6f6"
url = "https://github.com/openai/codex/releases/download/rust-v0.156.1/codex-package-x86_64-unknown-linux-musl.tar.gz"
url_api = "https://api.github.com/repos/openai/codex/releases/assets/582785983"

[tools.codex."platforms.linux-x64-musl"]
checksum = "sha256:8b711520beddf385467b8da4d2c93736637c6ba1e46811cf0d8606b7c490b6f6"
url = "https://github.com/openai/codex/releases/download/rust-v0.156.1/codex-package-x86_64-unknown-linux-musl.tar.gz"
url_api = "https://api.github.com/repos/openai/codex/releases/assets/582785983"

[tools.codex."platforms.macos-arm64"]
checksum = "sha256:fea42f9625091f011e38f059da974d52e57ba31831648bb1c7f0b1a385fde547"
url = "https://github.com/openai/codex/releases/download/rust-v0.156.1/codex-package-aarch64-apple-darwin.tar.gz"
url_api = "https://api.github.com/repos/openai/codex/releases/assets/582795411"

[tools.codex."platforms.macos-x64"]
checksum = "sha256:618dbcd55419fa041871f777a14b107ceb3fe2d339ef81e21e6ab5374420dc71"
url = "https://github.com/openai/codex/releases/download/rust-v0.156.1/codex-package-x86_64-apple-darwin.tar.gz"
url_api = "https://api.github.com/repos/openai/codex/releases/assets/582789045"

[tools.codex."platforms.windows-x64"]
checksum = "sha256:a2e017db9807e6a2269a26fea0e1d9546469cef4d472a33016bc9f3ad7d3b733"
url = "https://github.com/openai/codex/releases/download/rust-v0.156.1/codex-package-x86_64-pc-windows-msvc.tar.gz"
url_api = "https://api.github.com/repos/openai/codex/releases/assets/582787444"

[[tools.fd]]
version = "10.5.0"
backend = "aqua:sharkdp/fd"
specifiers = ["latest"]

[tools.fd."platforms.linux-arm64"]
checksum = "sha256:c0ee43802e3313a317c5af2f4eabd6ba13eeedd595af9775f05e18a13ac4f52c"
url = "https://github.com/sharkdp/fd/releases/download/v10.5.0/fd-v10.5.0-aarch64-unknown-linux-gnu.tar.gz"
url_api = "https://api.github.com/repos/sharkdp/fd/releases/assets/530482307"

[tools.fd."platforms.linux-arm64-musl"]
checksum = "sha256:d76c4317f7d5dba69f8a2a15856c90c777e7f0dd4e85f0de8c76de6992c374d4"
url = "https://github.com/sharkdp/fd/releases/download/v10.5.0/fd-v10.5.0-aarch64-unknown-linux-musl.tar.gz"
url_api = "https://api.github.com/repos/sharkdp/fd/releases/assets/530481810"

[tools.fd."platforms.linux-x64"]
checksum = "sha256:a1259cd129636efbc3fef123525c1b49e88fe5088c012630983c310e52fdfa95"
url = "https://github.com/sharkdp/fd/releases/download/v10.5.0/fd-v10.5.0-x86_64-unknown-linux-gnu.tar.gz"
url_api = "https://api.github.com/repos/sharkdp/fd/releases/assets/530481615"

[tools.fd."platforms.linux-x64-musl"]
checksum = "sha256:761c72dc8e120d85b22292063be8a796e2eeb20eb3e4f38b8fa2343ccf3514a7"
url = "https://github.com/sharkdp/fd/releases/download/v10.5.0/fd-v10.5.0-x86_64-unknown-linux-musl.tar.gz"
url_api = "https://api.github.com/repos/sharkdp/fd/releases/assets/530481315"

[tools.fd."platforms.macos-arm64"]
checksum = "sha256:b67e1836c468e42e411984b56e52fa7abec08c2bd22c867398e7cc134aac5e12"
url = "https://github.com/sharkdp/fd/releases/download/v10.5.0/fd-v10.5.0-aarch64-apple-darwin.tar.gz"
url_api = "https://api.github.com/repos/sharkdp/fd/releases/assets/530481346"

[tools.fd."platforms.windows-x64"]
checksum = "sha256:a227701b8551c35a9931d9f6da75503cf86d88e182d71fb849a70864c5d57cd7"
url = "https://github.com/sharkdp/fd/releases/download/v10.5.0/fd-v10.5.0-x86_64-pc-windows-msvc.zip"
url_api = "https://api.github.com/repos/sharkdp/fd/releases/assets/530482901"

[[tools.fzf]]
version = "0.74.3"
backend = "aqua:junegunn/fzf"
specifiers = ["latest"]

[tools.fzf."platforms.linux-arm64"]
checksum = "sha256:4a17a17b46bd0c4873e995533de508995c11572c0be0664a5dbcf13f60463046"
url = "https://github.com/junegunn/fzf/releases/download/v0.74.3/fzf-0.74.3-linux_arm64.tar.gz"
url_api = "https://api.github.com/repos/junegunn/fzf/releases/assets/517537065"

[tools.fzf."platforms.linux-arm64-musl"]
checksum = "sha256:4a17a17b46bd0c4873e995533de508995c11572c0be0664a5dbcf13f60463046"
url = "https://github.com/junegunn/fzf/releases/download/v0.74.3/fzf-0.74.3-linux_arm64.tar.gz"
url_api = "https://api.github.com/repos/junegunn/fzf/releases/assets/517537065"

[tools.fzf."platforms.linux-x64"]
checksum = "sha256:3501a595e4b5c40a6b047340a0e8f805c46fd4e61ef95ef8a136ba8c61cf6f22"
url = "https://github.com/junegunn/fzf/releases/download/v0.74.3/fzf-0.74.3-linux_amd64.tar.gz"
url_api = "https://api.github.com/repos/junegunn/fzf/releases/assets/517537066"

[tools.fzf."platforms.linux-x64-musl"]
checksum = "sha256:3501a595e4b5c40a6b047340a0e8f805c46fd4e61ef95ef8a136ba8c61cf6f22"
url = "https://github.com/junegunn/fzf/releases/download/v0.74.3/fzf-0.74.3-linux_amd64.tar.gz"
url_api = "https://api.github.com/repos/junegunn/fzf/releases/assets/517537066"

[tools.fzf."platforms.macos-arm64"]
checksum = "sha256:1f8501cea4f9c0c2d6110d0ff75d0ec9451cd9d7524d9a26244a154ea89f3bd5"
url = "https://github.com/junegunn/fzf/releases/download/v0.74.3/fzf-0.74.3-darwin_arm64.tar.gz"
url_api = "https://api.github.com/repos/junegunn/fzf/releases/assets/517537091"

[tools.fzf."platforms.macos-x64"]
checksum = "sha256:b8a231250eedec244539ade3dc437bcd60e545a099c6cc0c8a11bdbd8574b9bc"
url = "https://github.com/junegunn/fzf/releases/download/v0.74.3/fzf-0.74.3-darwin_amd64.tar.gz"
url_api = "https://api.github.com/repos/junegunn/fzf/releases/assets/517537094"

[tools.fzf."platforms.windows-x64"]
checksum = "sha256:cf5c137d9b391c3988c54af8f5fc490ffbef6f70444651e7d57fdb45ad04c8bd"
url = "https://github.com/junegunn/fzf/releases/download/v0.74.3/fzf-0.74.3-windows_amd64.zip"
url_api = "https://api.github.com/repos/junegunn/fzf/releases/assets/517537078"

[[tools.neovim]]
version = "0.12.5"
backend = "vfox:mise-plugins/vfox-neovim"
specifiers = ["latest"]

[[tools.pitchfork]]
version = "2.24.2"
backend = "aqua:jdx/pitchfork"
specifiers = ["latest"]

[tools.pitchfork."platforms.linux-arm64"]
checksum = "sha256:3b95c60978d404f7b92a8ac9610f2266fca07a8db4941c1d8f0fca8a6e9fb963"
url = "https://github.com/jdx/pitchfork/releases/download/v2.24.2/pitchfork-aarch64-unknown-linux-gnu.tar.gz"
url_api = "https://api.github.com/repos/jdx/pitchfork/releases/assets/546295885"

[tools.pitchfork."platforms.linux-x64"]
checksum = "sha256:e1196b2d347299651b53cafb45f30d8fa62ba3fee680e8c954b9cd578f461177"
url = "https://github.com/jdx/pitchfork/releases/download/v2.24.2/pitchfork-x86_64-unknown-linux-gnu.tar.gz"
url_api = "https://api.github.com/repos/jdx/pitchfork/releases/assets/546296761"

[tools.pitchfork."platforms.macos-arm64"]
checksum = "sha256:6659397ed9c94b8ebecc3458431500e94efd3463cba29ef28372f13ddd5b7789"
url = "https://github.com/jdx/pitchfork/releases/download/v2.24.2/pitchfork-aarch64-apple-darwin.tar.gz"
url_api = "https://api.github.com/repos/jdx/pitchfork/releases/assets/546306059"

[tools.pitchfork."platforms.windows-x64"]
checksum = "sha256:f221bce02b7ce651e4f872dbd7a0e44cbf77223ca47d8206b02169e7e9cd4d57"
url = "https://github.com/jdx/pitchfork/releases/download/v2.24.2/pitchfork-x86_64-pc-windows-msvc.zip"
url_api = "https://api.github.com/repos/jdx/pitchfork/releases/assets/546304274"

[[tools.ripgrep]]
version = "15.2.0"
backend = "aqua:BurntSushi/ripgrep"
specifiers = ["latest"]

[tools.ripgrep."platforms.linux-arm64"]
checksum = "sha256:a740b91c82eaf9914cfedd353572f2791cbe0162c84101ee0951058f4dcbc90d"
url = "https://github.com/BurntSushi/ripgrep/releases/download/15.2.0/ripgrep-15.2.0-aarch64-unknown-linux-gnu.tar.gz"
url_api = "https://api.github.com/repos/BurntSushi/ripgrep/releases/assets/478119579"

[tools.ripgrep."platforms.linux-arm64-musl"]
checksum = "sha256:800b1e7206afe799dfb5a6901f23147cfaabe0e52210538100f61e86e1740915"
url = "https://github.com/BurntSushi/ripgrep/releases/download/15.2.0/ripgrep-15.2.0-aarch64-unknown-linux-musl.tar.gz"
url_api = "https://api.github.com/repos/BurntSushi/ripgrep/releases/assets/478120060"

[tools.ripgrep."platforms.linux-x64"]
checksum = "sha256:33e15bcf1624b25cdd2a55813a47a2f95dbe126268203e76aa6a585d1e7b149c"
url = "https://github.com/BurntSushi/ripgrep/releases/download/15.2.0/ripgrep-15.2.0-x86_64-unknown-linux-musl.tar.gz"
url_api = "https://api.github.com/repos/BurntSushi/ripgrep/releases/assets/478120097"

[tools.ripgrep."platforms.linux-x64-musl"]
checksum = "sha256:33e15bcf1624b25cdd2a55813a47a2f95dbe126268203e76aa6a585d1e7b149c"
url = "https://github.com/BurntSushi/ripgrep/releases/download/15.2.0/ripgrep-15.2.0-x86_64-unknown-linux-musl.tar.gz"
url_api = "https://api.github.com/repos/BurntSushi/ripgrep/releases/assets/478120097"

[tools.ripgrep."platforms.macos-arm64"]
checksum = "sha256:3750b2e93f37e0c692657da574d7019a101c0084da05a790c83fd335bad973e4"
url = "https://github.com/BurntSushi/ripgrep/releases/download/15.2.0/ripgrep-15.2.0-aarch64-apple-darwin.tar.gz"
url_api = "https://api.github.com/repos/BurntSushi/ripgrep/releases/assets/478118851"

[tools.ripgrep."platforms.macos-x64"]
checksum = "sha256:af7825fcc69a2afc7a7aea55fc9af90e26421d8f20fe59df32e233c0b8a231c1"
url = "https://github.com/BurntSushi/ripgrep/releases/download/15.2.0/ripgrep-15.2.0-x86_64-apple-darwin.tar.gz"
url_api = "https://api.github.com/repos/BurntSushi/ripgrep/releases/assets/478119585"

[tools.ripgrep."platforms.windows-x64"]
checksum = "sha256:71b2fef860abe467217a538ff31de02f5258807c0129f771846f87bd029aafc5"
url = "https://github.com/BurntSushi/ripgrep/releases/download/15.2.0/ripgrep-15.2.0-x86_64-pc-windows-msvc.zip"
url_api = "https://api.github.com/repos/BurntSushi/ripgrep/releases/assets/478119643"

[[tools.rust]]
version = "1.98.1"
backend = "core:rust"
specifiers = ["latest"]

[[tools.tmux]]
version = "3.7c"
backend = "aqua:tmux/tmux-builds"
specifiers = ["latest"]

[tools.tmux."platforms.linux-arm64"]
checksum = "sha256:29dcb978da2a4b0cf6790f9e004865dac239a3ba03bbf776dddacce23d03831b"
url = "https://github.com/tmux/tmux-builds/releases/download/v3.7c/tmux-3.7c-linux-arm64.tar.gz"
url_api = "https://api.github.com/repos/tmux/tmux-builds/releases/assets/528734863"

[tools.tmux."platforms.linux-arm64-musl"]
checksum = "sha256:29dcb978da2a4b0cf6790f9e004865dac239a3ba03bbf776dddacce23d03831b"
url = "https://github.com/tmux/tmux-builds/releases/download/v3.7c/tmux-3.7c-linux-arm64.tar.gz"
url_api = "https://api.github.com/repos/tmux/tmux-builds/releases/assets/528734863"

[tools.tmux."platforms.linux-x64"]
checksum = "sha256:cc56bd1cc873eb6089c615f0496b072385bda8a6d944069f38564a5d49c128aa"
url = "https://github.com/tmux/tmux-builds/releases/download/v3.7c/tmux-3.7c-linux-x86_64.tar.gz"
url_api = "https://api.github.com/repos/tmux/tmux-builds/releases/assets/528734864"

[tools.tmux."platforms.linux-x64-musl"]
checksum = "sha256:cc56bd1cc873eb6089c615f0496b072385bda8a6d944069f38564a5d49c128aa"
url = "https://github.com/tmux/tmux-builds/releases/download/v3.7c/tmux-3.7c-linux-x86_64.tar.gz"
url_api = "https://api.github.com/repos/tmux/tmux-builds/releases/assets/528734864"

[tools.tmux."platforms.macos-arm64"]
checksum = "sha256:0a763dd0380aa980d239509654da1bc7455843706a3c050f6709c8cd2e13d12d"
url = "https://github.com/tmux/tmux-builds/releases/download/v3.7c/tmux-3.7c-macos-arm64.tar.gz"
url_api = "https://api.github.com/repos/tmux/tmux-builds/releases/assets/528734861"

[tools.tmux."platforms.macos-x64"]
checksum = "sha256:1c21f9ade964e4a539be05ffe3a4e95854ab76a0a9c4c05d0ffbe7fc6c4d783f"
url = "https://github.com/tmux/tmux-builds/releases/download/v3.7c/tmux-3.7c-macos-x86_64.tar.gz"
url_api = "https://api.github.com/repos/tmux/tmux-builds/releases/assets/528734867"
